// !$*UTF8*$!
{
	archiveVersion = 1;
	classes = {
	};
	objectVersion = 55;
	objects = {

/* Begin PBXBuildFile section */
		B112C83727A4589E00DA2B2B /* AppDelegate.swift in Sources */ = {isa = PBXBuildFile; fileRef = B112C83627A4589E00DA2B2B /* AppDelegate.swift */; };
		B112C83927A4589E00DA2B2B /* SceneDelegate.swift in Sources */ = {isa = PBXBuildFile; fileRef = B112C83827A4589E00DA2B2B /* SceneDelegate.swift */; };
		B112C84027A458A200DA2B2B /* Assets.xcassets in Resources */ = {isa = PBXBuildFile; fileRef = B112C83F27A458A200DA2B2B /* Assets.xcassets */; };
		B112C84327A458A200DA2B2B /* LaunchScreen.storyboard in Resources */ = {isa = PBXBuildFile; fileRef = B112C84127A458A200DA2B2B /* LaunchScreen.storyboard */; };
		B112C85327A459F700DA2B2B /* ConfigureLayoutProtocol.swift in Sources */ = {isa = PBXBuildFile; fileRef = B112C85227A459F700DA2B2B /* ConfigureLayoutProtocol.swift */; };
		B112C85927A4C6F300DA2B2B /* CCSignInViewController.swift in Sources */ = {isa = PBXBuildFile; fileRef = B112C85827A4C6F300DA2B2B /* CCSignInViewController.swift */; };
		B112C85D27A4CF2E00DA2B2B /* CCPrimaryTextField.swift in Sources */ = {isa = PBXBuildFile; fileRef = B112C85C27A4CF2E00DA2B2B /* CCPrimaryTextField.swift */; };
		B112C86027A4D4B100DA2B2B /* UITextField+Extensions.swift in Sources */ = {isa = PBXBuildFile; fileRef = B112C85F27A4D4B100DA2B2B /* UITextField+Extensions.swift */; };
		B112C86327A4E4A000DA2B2B /* CCValidators.swift in Sources */ = {isa = PBXBuildFile; fileRef = B112C86227A4E4A000DA2B2B /* CCValidators.swift */; };
		B112C86527A4E4FA00DA2B2B /* String+Extensions.swift in Sources */ = {isa = PBXBuildFile; fileRef = B112C86427A4E4FA00DA2B2B /* String+Extensions.swift */; };
		B112C86727A4F3D900DA2B2B /* CCPrimaryButton.swift in Sources */ = {isa = PBXBuildFile; fileRef = B112C86627A4F3D900DA2B2B /* CCPrimaryButton.swift */; };
		B112C87827A5058600DA2B2B /* UITextField+ExtensionsTests.swift in Sources */ = {isa = PBXBuildFile; fileRef = B112C87727A5058600DA2B2B /* UITextField+ExtensionsTests.swift */; };
		B112C87A27A566A600DA2B2B /* StringExtensionsTests.swift in Sources */ = {isa = PBXBuildFile; fileRef = B112C87927A566A600DA2B2B /* StringExtensionsTests.swift */; };
		B112C87D27A567F800DA2B2B /* CCValidatorsTests.swift in Sources */ = {isa = PBXBuildFile; fileRef = B112C87C27A567F800DA2B2B /* CCValidatorsTests.swift */; };
		B112C88027A5736200DA2B2B /* CCPrimaryTextFieldTets.swift in Sources */ = {isa = PBXBuildFile; fileRef = B112C87F27A5736200DA2B2B /* CCPrimaryTextFieldTets.swift */; };
		B112C88327A581A200DA2B2B /* XCTestCase+Extensions.swift in Sources */ = {isa = PBXBuildFile; fileRef = B112C88227A581A200DA2B2B /* XCTestCase+Extensions.swift */; };
		B112C88527A597EC00DA2B2B /* CCPrimaryButtonTests.swift in Sources */ = {isa = PBXBuildFile; fileRef = B112C88427A597EC00DA2B2B /* CCPrimaryButtonTests.swift */; };
		B112C88A27A5A02600DA2B2B /* CCSignInViewControllerTest.swift in Sources */ = {isa = PBXBuildFile; fileRef = B112C88927A5A02600DA2B2B /* CCSignInViewControllerTest.swift */; };
		B112C88C27A5A1B500DA2B2B /* CCSignInUIComponents.swift in Sources */ = {isa = PBXBuildFile; fileRef = B112C88B27A5A1B400DA2B2B /* CCSignInUIComponents.swift */; };
/* End PBXBuildFile section */

/* Begin PBXContainerItemProxy section */
		B112C87027A5053100DA2B2B /* PBXContainerItemProxy */ = {
			isa = PBXContainerItemProxy;
			containerPortal = B112C82B27A4589E00DA2B2B /* Project object */;
			proxyType = 1;
			remoteGlobalIDString = B112C83227A4589E00DA2B2B;
			remoteInfo = CalcCal;
		};
/* End PBXContainerItemProxy section */

/* Begin PBXFileReference section */
		B112C83327A4589E00DA2B2B /* CalcCal.app */ = {isa = PBXFileReference; explicitFileType = wrapper.application; includeInIndex = 0; path = CalcCal.app; sourceTree = BUILT_PRODUCTS_DIR; };
		B112C83627A4589E00DA2B2B /* AppDelegate.swift */ = {isa = PBXFileReference; lastKnownFileType = sourcecode.swift; path = AppDelegate.swift; sourceTree = "<group>"; };
		B112C83827A4589E00DA2B2B /* SceneDelegate.swift */ = {isa = PBXFileReference; lastKnownFileType = sourcecode.swift; path = SceneDelegate.swift; sourceTree = "<group>"; };
		B112C83F27A458A200DA2B2B /* Assets.xcassets */ = {isa = PBXFileReference; lastKnownFileType = folder.assetcatalog; path = Assets.xcassets; sourceTree = "<group>"; };
		B112C84227A458A200DA2B2B /* Base */ = {isa = PBXFileReference; lastKnownFileType = file.storyboard; name = Base; path = Base.lproj/LaunchScreen.storyboard; sourceTree = "<group>"; };
		B112C84427A458A200DA2B2B /* Info.plist */ = {isa = PBXFileReference; lastKnownFileType = text.plist.xml; path = Info.plist; sourceTree = "<group>"; };
		B112C85227A459F700DA2B2B /* ConfigureLayoutProtocol.swift */ = {isa = PBXFileReference; lastKnownFileType = sourcecode.swift; path = ConfigureLayoutProtocol.swift; sourceTree = "<group>"; };
		B112C85827A4C6F300DA2B2B /* CCSignInViewController.swift */ = {isa = PBXFileReference; lastKnownFileType = sourcecode.swift; path = CCSignInViewController.swift; sourceTree = "<group>"; };
		B112C85C27A4CF2E00DA2B2B /* CCPrimaryTextField.swift */ = {isa = PBXFileReference; lastKnownFileType = sourcecode.swift; path = CCPrimaryTextField.swift; sourceTree = "<group>"; };
		B112C85F27A4D4B100DA2B2B /* UITextField+Extensions.swift */ = {isa = PBXFileReference; lastKnownFileType = sourcecode.swift; path = "UITextField+Extensions.swift"; sourceTree = "<group>"; };
		B112C86227A4E4A000DA2B2B /* CCValidators.swift */ = {isa = PBXFileReference; lastKnownFileType = sourcecode.swift; path = CCValidators.swift; sourceTree = "<group>"; };
		B112C86427A4E4FA00DA2B2B /* String+Extensions.swift */ = {isa = PBXFileReference; lastKnownFileType = sourcecode.swift; path = "String+Extensions.swift"; sourceTree = "<group>"; };
		B112C86627A4F3D900DA2B2B /* CCPrimaryButton.swift */ = {isa = PBXFileReference; lastKnownFileType = sourcecode.swift; path = CCPrimaryButton.swift; sourceTree = "<group>"; };
		B112C86C27A5053100DA2B2B /* FitnessMonitorTests.xctest */ = {isa = PBXFileReference; explicitFileType = wrapper.cfbundle; includeInIndex = 0; path = FitnessMonitorTests.xctest; sourceTree = BUILT_PRODUCTS_DIR; };
		B112C87727A5058600DA2B2B /* UITextField+ExtensionsTests.swift */ = {isa = PBXFileReference; lastKnownFileType = sourcecode.swift; path = "UITextField+ExtensionsTests.swift"; sourceTree = "<group>"; };
		B112C87927A566A600DA2B2B /* StringExtensionsTests.swift */ = {isa = PBXFileReference; lastKnownFileType = sourcecode.swift; path = StringExtensionsTests.swift; sourceTree = "<group>"; };
		B112C87C27A567F800DA2B2B /* CCValidatorsTests.swift */ = {isa = PBXFileReference; lastKnownFileType = sourcecode.swift; path = CCValidatorsTests.swift; sourceTree = "<group>"; };
		B112C87F27A5736200DA2B2B /* CCPrimaryTextFieldTets.swift */ = {isa = PBXFileReference; lastKnownFileType = sourcecode.swift; path = CCPrimaryTextFieldTets.swift; sourceTree = "<group>"; };
		B112C88227A581A200DA2B2B /* XCTestCase+Extensions.swift */ = {isa = PBXFileReference; lastKnownFileType = sourcecode.swift; path = "XCTestCase+Extensions.swift"; sourceTree = "<group>"; };
		B112C88427A597EC00DA2B2B /* CCPrimaryButtonTests.swift */ = {isa = PBXFileReference; lastKnownFileType = sourcecode.swift; path = CCPrimaryButtonTests.swift; sourceTree = "<group>"; };
		B112C88927A5A02600DA2B2B /* CCSignInViewControllerTest.swift */ = {isa = PBXFileReference; lastKnownFileType = sourcecode.swift; path = CCSignInViewControllerTest.swift; sourceTree = "<group>"; };
		B112C88B27A5A1B400DA2B2B /* CCSignInUIComponents.swift */ = {isa = PBXFileReference; lastKnownFileType = sourcecode.swift; path = CCSignInUIComponents.swift; sourceTree = "<group>"; };
/* End PBXFileReference section */

/* Begin PBXFrameworksBuildPhase section */
		B112C83027A4589E00DA2B2B /* Frameworks */ = {
			isa = PBXFrameworksBuildPhase;
			buildActionMask = 2147483647;
			files = (
			);
			runOnlyForDeploymentPostprocessing = 0;
		};
		B112C86927A5053100DA2B2B /* Frameworks */ = {
			isa = PBXFrameworksBuildPhase;
			buildActionMask = 2147483647;
			files = (
			);
			runOnlyForDeploymentPostprocessing = 0;
		};
/* End PBXFrameworksBuildPhase section */

/* Begin PBXGroup section */
		B112C82A27A4589E00DA2B2B = {
			isa = PBXGroup;
			children = (
				B112C83527A4589E00DA2B2B /* CalcCal */,
				B112C86D27A5053100DA2B2B /* FitnessMonitorTests */,
				B112C83427A4589E00DA2B2B /* Products */,
			);
			sourceTree = "<group>";
		};
		B112C83427A4589E00DA2B2B /* Products */ = {
			isa = PBXGroup;
			children = (
				B112C83327A4589E00DA2B2B /* CalcCal.app */,
				B112C86C27A5053100DA2B2B /* FitnessMonitorTests.xctest */,
			);
			name = Products;
			sourceTree = "<group>";
		};
		B112C83527A4589E00DA2B2B /* CalcCal */ = {
			isa = PBXGroup;
			children = (
				B112C85127A459CA00DA2B2B /* LIB */,
				B112C84B27A458E000DA2B2B /* Scenes */,
				B112C84A27A458D700DA2B2B /* Defaults */,
				B112C84427A458A200DA2B2B /* Info.plist */,
			);
			path = CalcCal;
			sourceTree = "<group>";
		};
		B112C84A27A458D700DA2B2B /* Defaults */ = {
			isa = PBXGroup;
			children = (
				B112C83627A4589E00DA2B2B /* AppDelegate.swift */,
				B112C83827A4589E00DA2B2B /* SceneDelegate.swift */,
				B112C83F27A458A200DA2B2B /* Assets.xcassets */,
				B112C84127A458A200DA2B2B /* LaunchScreen.storyboard */,
			);
			path = Defaults;
			sourceTree = "<group>";
		};
		B112C84B27A458E000DA2B2B /* Scenes */ = {
			isa = PBXGroup;
			children = (
				B112C84C27A4597500DA2B2B /* Authentication */,
			);
			path = Scenes;
			sourceTree = "<group>";
		};
		B112C84C27A4597500DA2B2B /* Authentication */ = {
			isa = PBXGroup;
			children = (
				B112C85727A4C6DA00DA2B2B /* SignIn */,
			);
			path = Authentication;
			sourceTree = "<group>";
		};
		B112C85127A459CA00DA2B2B /* LIB */ = {
			isa = PBXGroup;
			children = (
				B112C86127A4E48F00DA2B2B /* Utils */,
				B112C85E27A4D49800DA2B2B /* Extensoins */,
				B112C85B27A4CF1E00DA2B2B /* Components */,
				B112C85A27A4CF1000DA2B2B /* Protocols */,
			);
			path = LIB;
			sourceTree = "<group>";
		};
		B112C85727A4C6DA00DA2B2B /* SignIn */ = {
			isa = PBXGroup;
			children = (
				B112C85827A4C6F300DA2B2B /* CCSignInViewController.swift */,
				B112C88B27A5A1B400DA2B2B /* CCSignInUIComponents.swift */,
			);
			path = SignIn;
			sourceTree = "<group>";
		};
		B112C85A27A4CF1000DA2B2B /* Protocols */ = {
			isa = PBXGroup;
			children = (
				B112C85227A459F700DA2B2B /* ConfigureLayoutProtocol.swift */,
			);
			path = Protocols;
			sourceTree = "<group>";
		};
		B112C85B27A4CF1E00DA2B2B /* Components */ = {
			isa = PBXGroup;
			children = (
				B112C85C27A4CF2E00DA2B2B /* CCPrimaryTextField.swift */,
				B112C86627A4F3D900DA2B2B /* CCPrimaryButton.swift */,
			);
			path = Components;
			sourceTree = "<group>";
		};
		B112C85E27A4D49800DA2B2B /* Extensoins */ = {
			isa = PBXGroup;
			children = (
				B112C85F27A4D4B100DA2B2B /* UITextField+Extensions.swift */,
				B112C86427A4E4FA00DA2B2B /* String+Extensions.swift */,
			);
			path = Extensoins;
			sourceTree = "<group>";
		};
		B112C86127A4E48F00DA2B2B /* Utils */ = {
			isa = PBXGroup;
			children = (
				B112C86227A4E4A000DA2B2B /* CCValidators.swift */,
			);
			path = Utils;
			sourceTree = "<group>";
		};
		B112C86D27A5053100DA2B2B /* FitnessMonitorTests */ = {
			isa = PBXGroup;
			children = (
				B112C87527A5054000DA2B2B /* LIB */,
				B112C88627A59FFB00DA2B2B /* Scenes */,
				B112C88127A5818700DA2B2B /* TestHelpers */,
			);
			path = FitnessMonitorTests;
			sourceTree = "<group>";
		};
		B112C87527A5054000DA2B2B /* LIB */ = {
			isa = PBXGroup;
			children = (
				B112C87E27A5735000DA2B2B /* Components */,
				B112C87B27A567EB00DA2B2B /* Utils */,
				B112C87627A5056E00DA2B2B /* Extensions */,
			);
			path = LIB;
			sourceTree = "<group>";
		};
		B112C87627A5056E00DA2B2B /* Extensions */ = {
			isa = PBXGroup;
			children = (
				B112C87727A5058600DA2B2B /* UITextField+ExtensionsTests.swift */,
				B112C87927A566A600DA2B2B /* StringExtensionsTests.swift */,
			);
			path = Extensions;
			sourceTree = "<group>";
		};
		B112C87B27A567EB00DA2B2B /* Utils */ = {
			isa = PBXGroup;
			children = (
				B112C87C27A567F800DA2B2B /* CCValidatorsTests.swift */,
			);
			path = Utils;
			sourceTree = "<group>";
		};
		B112C87E27A5735000DA2B2B /* Components */ = {
			isa = PBXGroup;
			children = (
				B112C87F27A5736200DA2B2B /* CCPrimaryTextFieldTets.swift */,
				B112C88427A597EC00DA2B2B /* CCPrimaryButtonTests.swift */,
			);
			path = Components;
			sourceTree = "<group>";
		};
		B112C88127A5818700DA2B2B /* TestHelpers */ = {
			isa = PBXGroup;
			children = (
				B112C88227A581A200DA2B2B /* XCTestCase+Extensions.swift */,
			);
			path = TestHelpers;
			sourceTree = "<group>";
		};
		B112C88627A59FFB00DA2B2B /* Scenes */ = {
			isa = PBXGroup;
			children = (
				B112C88727A5A00000DA2B2B /* Authentication */,
			);
			path = Scenes;
			sourceTree = "<group>";
		};
		B112C88727A5A00000DA2B2B /* Authentication */ = {
			isa = PBXGroup;
			children = (
				B112C88827A5A00500DA2B2B /* SignIn */,
			);
			path = Authentication;
			sourceTree = "<group>";
		};
		B112C88827A5A00500DA2B2B /* SignIn */ = {
			isa = PBXGroup;
			children = (
				B112C88927A5A02600DA2B2B /* CCSignInViewControllerTest.swift */,
			);
			path = SignIn;
			sourceTree = "<group>";
		};
/* End PBXGroup section */

/* Begin PBXNativeTarget section */
		B112C83227A4589E00DA2B2B /* CalcCal */ = {
			isa = PBXNativeTarget;
			buildConfigurationList = B112C84727A458A200DA2B2B /* Build configuration list for PBXNativeTarget "CalcCal" */;
			buildPhases = (
				B112C82F27A4589E00DA2B2B /* Sources */,
				B112C83027A4589E00DA2B2B /* Frameworks */,
				B112C83127A4589E00DA2B2B /* Resources */,
			);
			buildRules = (
			);
			dependencies = (
			);
			name = CalcCal;
			productName = CalcCal;
			productReference = B112C83327A4589E00DA2B2B /* CalcCal.app */;
			productType = "com.apple.product-type.application";
		};
		B112C86B27A5053100DA2B2B /* FitnessMonitorTests */ = {
			isa = PBXNativeTarget;
			buildConfigurationList = B112C87427A5053100DA2B2B /* Build configuration list for PBXNativeTarget "FitnessMonitorTests" */;
			buildPhases = (
				B112C86827A5053100DA2B2B /* Sources */,
				B112C86927A5053100DA2B2B /* Frameworks */,
				B112C86A27A5053100DA2B2B /* Resources */,
			);
			buildRules = (
			);
			dependencies = (
				B112C87127A5053100DA2B2B /* PBXTargetDependency */,
			);
			name = FitnessMonitorTests;
			productName = FitnessMonitorTests;
			productReference = B112C86C27A5053100DA2B2B /* FitnessMonitorTests.xctest */;
			productType = "com.apple.product-type.bundle.unit-test";
		};
/* End PBXNativeTarget section */

/* Begin PBXProject section */
		B112C82B27A4589E00DA2B2B /* Project object */ = {
			isa = PBXProject;
			attributes = {
				BuildIndependentTargetsInParallel = 1;
				LastSwiftUpdateCheck = 1310;
				LastUpgradeCheck = 1310;
				TargetAttributes = {
					B112C83227A4589E00DA2B2B = {
						CreatedOnToolsVersion = 13.1;
					};
					B112C86B27A5053100DA2B2B = {
						CreatedOnToolsVersion = 13.1;
						TestTargetID = B112C83227A4589E00DA2B2B;
					};
				};
			};
			buildConfigurationList = B112C82E27A4589E00DA2B2B /* Build configuration list for PBXProject "CalcCal" */;
			compatibilityVersion = "Xcode 13.0";
			developmentRegion = en;
			hasScannedForEncodings = 0;
			knownRegions = (
				en,
				Base,
			);
			mainGroup = B112C82A27A4589E00DA2B2B;
			productRefGroup = B112C83427A4589E00DA2B2B /* Products */;
			projectDirPath = "";
			projectRoot = "";
			targets = (
				B112C83227A4589E00DA2B2B /* CalcCal */,
				B112C86B27A5053100DA2B2B /* FitnessMonitorTests */,
			);
		};
/* End PBXProject section */

/* Begin PBXResourcesBuildPhase section */
		B112C83127A4589E00DA2B2B /* Resources */ = {
			isa = PBXResourcesBuildPhase;
			buildActionMask = 2147483647;
			files = (
				B112C84327A458A200DA2B2B /* LaunchScreen.storyboard in Resources */,
				B112C84027A458A200DA2B2B /* Assets.xcassets in Resources */,
			);
			runOnlyForDeploymentPostprocessing = 0;
		};
		B112C86A27A5053100DA2B2B /* Resources */ = {
			isa = PBXResourcesBuildPhase;
			buildActionMask = 2147483647;
			files = (
			);
			runOnlyForDeploymentPostprocessing = 0;
		};
/* End PBXResourcesBuildPhase section */

/* Begin PBXSourcesBuildPhase section */
		B112C82F27A4589E00DA2B2B /* Sources */ = {
			isa = PBXSourcesBuildPhase;
			buildActionMask = 2147483647;
			files = (
				B112C85927A4C6F300DA2B2B /* CCSignInViewController.swift in Sources */,
				B112C88C27A5A1B500DA2B2B /* CCSignInUIComponents.swift in Sources */,
				B112C86327A4E4A000DA2B2B /* CCValidators.swift in Sources */,
				B112C83727A4589E00DA2B2B /* AppDelegate.swift in Sources */,
				B112C85D27A4CF2E00DA2B2B /* CCPrimaryTextField.swift in Sources */,
				B112C86727A4F3D900DA2B2B /* CCPrimaryButton.swift in Sources */,
				B112C86527A4E4FA00DA2B2B /* String+Extensions.swift in Sources */,
				B112C86027A4D4B100DA2B2B /* UITextField+Extensions.swift in Sources */,
				B112C85327A459F700DA2B2B /* ConfigureLayoutProtocol.swift in Sources */,
				B112C83927A4589E00DA2B2B /* SceneDelegate.swift in Sources */,
			);
			runOnlyForDeploymentPostprocessing = 0;
		};
		B112C86827A5053100DA2B2B /* Sources */ = {
			isa = PBXSourcesBuildPhase;
			buildActionMask = 2147483647;
			files = (
				B112C88527A597EC00DA2B2B /* CCPrimaryButtonTests.swift in Sources */,
				B112C87D27A567F800DA2B2B /* CCValidatorsTests.swift in Sources */,
				B112C87A27A566A600DA2B2B /* StringExtensionsTests.swift in Sources */,
				B112C88327A581A200DA2B2B /* XCTestCase+Extensions.swift in Sources */,
				B112C88027A5736200DA2B2B /* CCPrimaryTextFieldTets.swift in Sources */,
				B112C87827A5058600DA2B2B /* UITextField+ExtensionsTests.swift in Sources */,
				B112C88A27A5A02600DA2B2B /* CCSignInViewControllerTest.swift in Sources */,
			);
			runOnlyForDeploymentPostprocessing = 0;
		};
/* End PBXSourcesBuildPhase section */

/* Begin PBXTargetDependency section */
		B112C87127A5053100DA2B2B /* PBXTargetDependency */ = {
			isa = PBXTargetDependency;
			target = B112C83227A4589E00DA2B2B /* CalcCal */;
			targetProxy = B112C87027A5053100DA2B2B /* PBXContainerItemProxy */;
		};
/* End PBXTargetDependency section */

/* Begin PBXVariantGroup section */
		B112C84127A458A200DA2B2B /* LaunchScreen.storyboard */ = {
			isa = PBXVariantGroup;
			children = (
				B112C84227A458A200DA2B2B /* Base */,
			);
			name = LaunchScreen.storyboard;
			sourceTree = "<group>";
		};
/* End PBXVariantGroup section */

/* Begin XCBuildConfiguration section */
		B112C84527A458A200DA2B2B /* Debug */ = {
			isa = XCBuildConfiguration;
			buildSettings = {
				ALWAYS_SEARCH_USER_PATHS = NO;
				CLANG_ANALYZER_NONNULL = YES;
				CLANG_ANALYZER_NUMBER_OBJECT_CONVERSION = YES_AGGRESSIVE;
				CLANG_CXX_LANGUAGE_STANDARD = "gnu++17";
				CLANG_CXX_LIBRARY = "libc++";
				CLANG_ENABLE_MODULES = YES;
				CLANG_ENABLE_OBJC_ARC = YES;
				CLANG_ENABLE_OBJC_WEAK = YES;
				CLANG_WARN_BLOCK_CAPTURE_AUTORELEASING = YES;
				CLANG_WARN_BOOL_CONVERSION = YES;
				CLANG_WARN_COMMA = YES;
				CLANG_WARN_CONSTANT_CONVERSION = YES;
				CLANG_WARN_DEPRECATED_OBJC_IMPLEMENTATIONS = YES;
				CLANG_WARN_DIRECT_OBJC_ISA_USAGE = YES_ERROR;
				CLANG_WARN_DOCUMENTATION_COMMENTS = YES;
				CLANG_WARN_EMPTY_BODY = YES;
				CLANG_WARN_ENUM_CONVERSION = YES;
				CLANG_WARN_INFINITE_RECURSION = YES;
				CLANG_WARN_INT_CONVERSION = YES;
				CLANG_WARN_NON_LITERAL_NULL_CONVERSION = YES;
				CLANG_WARN_OBJC_IMPLICIT_RETAIN_SELF = YES;
				CLANG_WARN_OBJC_LITERAL_CONVERSION = YES;
				CLANG_WARN_OBJC_ROOT_CLASS = YES_ERROR;
				CLANG_WARN_QUOTED_INCLUDE_IN_FRAMEWORK_HEADER = YES;
				CLANG_WARN_RANGE_LOOP_ANALYSIS = YES;
				CLANG_WARN_STRICT_PROTOTYPES = YES;
				CLANG_WARN_SUSPICIOUS_MOVE = YES;
				CLANG_WARN_UNGUARDED_AVAILABILITY = YES_AGGRESSIVE;
				CLANG_WARN_UNREACHABLE_CODE = YES;
				CLANG_WARN__DUPLICATE_METHOD_MATCH = YES;
				COPY_PHASE_STRIP = NO;
				DEBUG_INFORMATION_FORMAT = dwarf;
				ENABLE_STRICT_OBJC_MSGSEND = YES;
				ENABLE_TESTABILITY = YES;
				GCC_C_LANGUAGE_STANDARD = gnu11;
				GCC_DYNAMIC_NO_PIC = NO;
				GCC_NO_COMMON_BLOCKS = YES;
				GCC_OPTIMIZATION_LEVEL = 0;
				GCC_PREPROCESSOR_DEFINITIONS = (
					"DEBUG=1",
					"$(inherited)",
				);
				GCC_WARN_64_TO_32_BIT_CONVERSION = YES;
				GCC_WARN_ABOUT_RETURN_TYPE = YES_ERROR;
				GCC_WARN_UNDECLARED_SELECTOR = YES;
				GCC_WARN_UNINITIALIZED_AUTOS = YES_AGGRESSIVE;
				GCC_WARN_UNUSED_FUNCTION = YES;
				GCC_WARN_UNUSED_VARIABLE = YES;
				IPHONEOS_DEPLOYMENT_TARGET = 15.0;
				MTL_ENABLE_DEBUG_INFO = INCLUDE_SOURCE;
				MTL_FAST_MATH = YES;
				ONLY_ACTIVE_ARCH = YES;
				SDKROOT = iphoneos;
				SWIFT_ACTIVE_COMPILATION_CONDITIONS = DEBUG;
				SWIFT_OPTIMIZATION_LEVEL = "-Onone";
			};
			name = Debug;
		};
		B112C84627A458A200DA2B2B /* Release */ = {
			isa = XCBuildConfiguration;
			buildSettings = {
				ALWAYS_SEARCH_USER_PATHS = NO;
				CLANG_ANALYZER_NONNULL = YES;
				CLANG_ANALYZER_NUMBER_OBJECT_CONVERSION = YES_AGGRESSIVE;
				CLANG_CXX_LANGUAGE_STANDARD = "gnu++17";
				CLANG_CXX_LIBRARY = "libc++";
				CLANG_ENABLE_MODULES = YES;
				CLANG_ENABLE_OBJC_ARC = YES;
				CLANG_ENABLE_OBJC_WEAK = YES;
				CLANG_WARN_BLOCK_CAPTURE_AUTORELEASING = YES;
				CLANG_WARN_BOOL_CONVERSION = YES;
				CLANG_WARN_COMMA = YES;
				CLANG_WARN_CONSTANT_CONVERSION = YES;
				CLANG_WARN_DEPRECATED_OBJC_IMPLEMENTATIONS = YES;
				CLANG_WARN_DIRECT_OBJC_ISA_USAGE = YES_ERROR;
				CLANG_WARN_DOCUMENTATION_COMMENTS = YES;
				CLANG_WARN_EMPTY_BODY = YES;
				CLANG_WARN_ENUM_CONVERSION = YES;
				CLANG_WARN_INFINITE_RECURSION = YES;
				CLANG_WARN_INT_CONVERSION = YES;
				CLANG_WARN_NON_LITERAL_NULL_CONVERSION = YES;
				CLANG_WARN_OBJC_IMPLICIT_RETAIN_SELF = YES;
				CLANG_WARN_OBJC_LITERAL_CONVERSION = YES;
				CLANG_WARN_OBJC_ROOT_CLASS = YES_ERROR;
				CLANG_WARN_QUOTED_INCLUDE_IN_FRAMEWORK_HEADER = YES;
				CLANG_WARN_RANGE_LOOP_ANALYSIS = YES;
				CLANG_WARN_STRICT_PROTOTYPES = YES;
				CLANG_WARN_SUSPICIOUS_MOVE = YES;
				CLANG_WARN_UNGUARDED_AVAILABILITY = YES_AGGRESSIVE;
				CLANG_WARN_UNREACHABLE_CODE = YES;
				CLANG_WARN__DUPLICATE_METHOD_MATCH = YES;
				COPY_PHASE_STRIP = NO;
				DEBUG_INFORMATION_FORMAT = "dwarf-with-dsym";
				ENABLE_NS_ASSERTIONS = NO;
				ENABLE_STRICT_OBJC_MSGSEND = YES;
				GCC_C_LANGUAGE_STANDARD = gnu11;
				GCC_NO_COMMON_BLOCKS = YES;
				GCC_WARN_64_TO_32_BIT_CONVERSION = YES;
				GCC_WARN_ABOUT_RETURN_TYPE = YES_ERROR;
				GCC_WARN_UNDECLARED_SELECTOR = YES;
				GCC_WARN_UNINITIALIZED_AUTOS = YES_AGGRESSIVE;
				GCC_WARN_UNUSED_FUNCTION = YES;
				GCC_WARN_UNUSED_VARIABLE = YES;
				IPHONEOS_DEPLOYMENT_TARGET = 15.0;
				MTL_ENABLE_DEBUG_INFO = NO;
				MTL_FAST_MATH = YES;
				SDKROOT = iphoneos;
				SWIFT_COMPILATION_MODE = wholemodule;
				SWIFT_OPTIMIZATION_LEVEL = "-O";
				VALIDATE_PRODUCT = YES;
			};
			name = Release;
		};
		B112C84827A458A200DA2B2B /* Debug */ = {
			isa = XCBuildConfiguration;
			buildSettings = {
				ASSETCATALOG_COMPILER_APPICON_NAME = AppIcon;
				ASSETCATALOG_COMPILER_GLOBAL_ACCENT_COLOR_NAME = AccentColor;
				CODE_SIGN_STYLE = Automatic;
				CURRENT_PROJECT_VERSION = 1;
				DEVELOPMENT_TEAM = Y487CY958A;
				GENERATE_INFOPLIST_FILE = YES;
				INFOPLIST_FILE = CalcCal/Info.plist;
				INFOPLIST_KEY_CFBundleDisplayName = FitnessMonitor;
				INFOPLIST_KEY_UIApplicationSupportsIndirectInputEvents = YES;
				INFOPLIST_KEY_UILaunchStoryboardName = LaunchScreen;
				INFOPLIST_KEY_UIMainStoryboardFile = LaunchScreen;
				INFOPLIST_KEY_UISupportedInterfaceOrientations_iPad = "UIInterfaceOrientationPortrait UIInterfaceOrientationPortraitUpsideDown UIInterfaceOrientationLandscapeLeft UIInterfaceOrientationLandscapeRight";
				INFOPLIST_KEY_UISupportedInterfaceOrientations_iPhone = "UIInterfaceOrientationPortrait UIInterfaceOrientationLandscapeLeft UIInterfaceOrientationLandscapeRight";
				LD_RUNPATH_SEARCH_PATHS = (
					"$(inherited)",
					"@executable_path/Frameworks",
				);
				MARKETING_VERSION = 1.0;
				PRODUCT_BUNDLE_IDENTIFIER = PaoloProdossimoLopes.CalcCal;
				PRODUCT_NAME = "$(TARGET_NAME)";
				SWIFT_EMIT_LOC_STRINGS = YES;
				SWIFT_VERSION = 5.0;
				TARGETED_DEVICE_FAMILY = "1,2";
			};
			name = Debug;
		};
		B112C84927A458A200DA2B2B /* Release */ = {
			isa = XCBuildConfiguration;
			buildSettings = {
				ASSETCATALOG_COMPILER_APPICON_NAME = AppIcon;
				ASSETCATALOG_COMPILER_GLOBAL_ACCENT_COLOR_NAME = AccentColor;
				CODE_SIGN_STYLE = Automatic;
				CURRENT_PROJECT_VERSION = 1;
				DEVELOPMENT_TEAM = Y487CY958A;
				GENERATE_INFOPLIST_FILE = YES;
				INFOPLIST_FILE = CalcCal/Info.plist;
				INFOPLIST_KEY_CFBundleDisplayName = FitnessMonitor;
				INFOPLIST_KEY_UIApplicationSupportsIndirectInputEvents = YES;
				INFOPLIST_KEY_UILaunchStoryboardName = LaunchScreen;
				INFOPLIST_KEY_UIMainStoryboardFile = LaunchScreen;
				INFOPLIST_KEY_UISupportedInterfaceOrientations_iPad = "UIInterfaceOrientationPortrait UIInterfaceOrientationPortraitUpsideDown UIInterfaceOrientationLandscapeLeft UIInterfaceOrientationLandscapeRight";
				INFOPLIST_KEY_UISupportedInterfaceOrientations_iPhone = "UIInterfaceOrientationPortrait UIInterfaceOrientationLandscapeLeft UIInterfaceOrientationLandscapeRight";
				LD_RUNPATH_SEARCH_PATHS = (
					"$(inherited)",
					"@executable_path/Frameworks",
				);
				MARKETING_VERSION = 1.0;
				PRODUCT_BUNDLE_IDENTIFIER = PaoloProdossimoLopes.CalcCal;
				PRODUCT_NAME = "$(TARGET_NAME)";
				SWIFT_EMIT_LOC_STRINGS = YES;
				SWIFT_VERSION = 5.0;
				TARGETED_DEVICE_FAMILY = "1,2";
			};
			name = Release;
		};
		B112C87227A5053100DA2B2B /* Debug */ = {
			isa = XCBuildConfiguration;
			buildSettings = {
				BUNDLE_LOADER = "$(TEST_HOST)";
				CODE_SIGN_STYLE = Automatic;
				CURRENT_PROJECT_VERSION = 1;
				DEVELOPMENT_TEAM = Y487CY958A;
				GENERATE_INFOPLIST_FILE = YES;
				LD_RUNPATH_SEARCH_PATHS = (
					"$(inherited)",
					"@executable_path/Frameworks",
					"@loader_path/Frameworks",
				);
				MARKETING_VERSION = 1.0;
				PRODUCT_BUNDLE_IDENTIFIER = PaoloProdossimoLopes.FitnessMonitorTests;
				PRODUCT_NAME = "$(TARGET_NAME)";
				SWIFT_EMIT_LOC_STRINGS = NO;
				SWIFT_VERSION = 5.0;
				TARGETED_DEVICE_FAMILY = "1,2";
				TEST_HOST = "$(BUILT_PRODUCTS_DIR)/CalcCal.app/CalcCal";
			};
			name = Debug;
		};
		B112C87327A5053100DA2B2B /* Release */ = {
			isa = XCBuildConfiguration;
			buildSettings = {
				BUNDLE_LOADER = "$(TEST_HOST)";
				CODE_SIGN_STYLE = Automatic;
				CURRENT_PROJECT_VERSION = 1;
				DEVELOPMENT_TEAM = Y487CY958A;
				GENERATE_INFOPLIST_FILE = YES;
				LD_RUNPATH_SEARCH_PATHS = (
					"$(inherited)",
					"@executable_path/Frameworks",
					"@loader_path/Frameworks",
				);
				MARKETING_VERSION = 1.0;
				PRODUCT_BUNDLE_IDENTIFIER = PaoloProdossimoLopes.FitnessMonitorTests;
				PRODUCT_NAME = "$(TARGET_NAME)";
				SWIFT_EMIT_LOC_STRINGS = NO;
				SWIFT_VERSION = 5.0;
				TARGETED_DEVICE_FAMILY = "1,2";
				TEST_HOST = "$(BUILT_PRODUCTS_DIR)/CalcCal.app/CalcCal";
			};
			name = Release;
		};
/* End XCBuildConfiguration section */

/* Begin XCConfigurationList section */
		B112C82E27A4589E00DA2B2B /* Build configuration list for PBXProject "CalcCal" */ = {
			isa = XCConfigurationList;
			buildConfigurations = (
				B112C84527A458A200DA2B2B /* Debug */,
				B112C84627A458A200DA2B2B /* Release */,
			);
			defaultConfigurationIsVisible = 0;
			defaultConfigurationName = Release;
		};
		B112C84727A458A200DA2B2B /* Build configuration list for PBXNativeTarget "CalcCal" */ = {
			isa = XCConfigurationList;
			buildConfigurations = (
				B112C84827A458A200DA2B2B /* Debug */,
				B112C84927A458A200DA2B2B /* Release */,
			);
			defaultConfigurationIsVisible = 0;
			defaultConfigurationName = Release;
		};
		B112C87427A5053100DA2B2B /* Build configuration list for PBXNativeTarget "FitnessMonitorTests" */ = {
			isa = XCConfigurationList;
			buildConfigurations = (
				B112C87227A5053100DA2B2B /* Debug */,
				B112C87327A5053100DA2B2B /* Release */,
			);
			defaultConfigurationIsVisible = 0;
			defaultConfigurationName = Release;
		};
/* End XCConfigurationList section */
	};
	rootObject = B112C82B27A4589E00DA2B2B /* Project object */;
}
